{
  "originHash" : "ad75ae2d3b8d8b80d99635f65213a3c1092464aa54a86354f850b8317b6fa240",
  "pins" : [
    {
      "identity" : "kingfisher",
      "kind" : "remoteSourceControl",
      "location" : "https://github.com/onevcat/Kingfisher",
      "state" : {
        "revision" : "3340001633525fd68c53d3a359e3c118797ad08e",
        "version" : "8.0.2"
      }
    }
  ],
  "version" : 3
}
